
Microsoft Visual Studio Solution File, Format Version 12.00
# Visual Studio Version 16
VisualStudioVersion = 16.0.30615.102
MinimumVisualStudioVersion = 10.0.40219.1
Project("{9A19103F-16F7-4668-BE54-9A1E7A4F7556}") = "RankeandoCompetidores", "RankeandoCompetidores\RankeandoCompetidores.csproj", "{D77F445F-9497-4A63-846D-638E21ABDEB6}"
EndProject
Project("{FAE04EC0-301F-11D3-BF4B-00C04F79EFBC}") = "RanqueandoCorredores", "RanqueandoCorredores\RanqueandoCorredores.csproj", "{AA48478E-ECE3-4D36-81F6-7707AC99F725}"
EndProject
Global
	GlobalSection(SolutionConfigurationPlatforms) = preSolution
		Debug|Any CPU = Debug|Any CPU
		Release|Any CPU = Release|Any CPU
	EndGlobalSection
	GlobalSection(ProjectConfigurationPlatforms) = postSolution
		{D77F445F-9497-4A63-846D-638E21ABDEB6}.Debug|Any CPU.ActiveCfg = Debug|Any CPU
		{D77F445F-9497-4A63-846D-638E21ABDEB6}.Debug|Any CPU.Build.0 = Debug|Any CPU
		{D77F445F-9497-4A63-846D-638E21ABDEB6}.Release|Any CPU.ActiveCfg = Release|Any CPU
		{D77F445F-9497-4A63-846D-638E21ABDEB6}.Release|Any CPU.Build.0 = Release|Any CPU
		{AA48478E-ECE3-4D36-81F6-7707AC99F725}.Debug|Any CPU.ActiveCfg = Debug|Any CPU
		{AA48478E-ECE3-4D36-81F6-7707AC99F725}.Debug|Any CPU.Build.0 = Debug|Any CPU
		{AA48478E-ECE3-4D36-81F6-7707AC99F725}.Release|Any CPU.ActiveCfg = Release|Any CPU
		{AA48478E-ECE3-4D36-81F6-7707AC99F725}.Release|Any CPU.Build.0 = Release|Any CPU
	EndGlobalSection
	GlobalSection(SolutionProperties) = preSolution
		HideSolutionNode = FALSE
	EndGlobalSection
	GlobalSection(ExtensibilityGlobals) = postSolution
		SolutionGuid = {A7FA395D-6CB6-4B6B-8264-B5C6920D219E}
	EndGlobalSection
EndGlobal
